
Microsoft Visual Studio Solution File, Format Version 12.00
# Visual Studio Version 17
VisualStudioVersion = 17.0.31903.59
MinimumVisualStudioVersion = 10.0.40219.1
Project("{2150E333-8FDC-42A3-9474-1A3956D46DE8}") = "src", "src", "{30D8ABD1-B174-4E9E-B4BD-86695D2211A0}"
EndProject
Project("{FAE04EC0-301F-11D3-BF4B-00C04F79EFBC}") = "AuctionSearchService.Api", "src\AuctionSearchService.Api\AuctionSearchService.Api.csproj", "{23B3363A-3BA7-44CC-BEB0-900861E216DE}"
EndProject
Project("{FAE04EC0-301F-11D3-BF4B-00C04F79EFBC}") = "AuctionSearchService.Application", "src\AuctionSearchService.Application\AuctionSearchService.Application.csproj", "{F3173DDD-93B9-4FE4-BB95-1109F31EAFB0}"
EndProject
Project("{FAE04EC0-301F-11D3-BF4B-00C04F79EFBC}") = "AuctionSearchService.CrossCutting", "src\AuctionSearchService.CrossCutting\AuctionSearchService.CrossCutting.csproj", "{78E07714-3058-40D1-9B8F-95CC69054D9F}"
EndProject
Project("{FAE04EC0-301F-11D3-BF4B-00C04F79EFBC}") = "AuctionSearchService.Domain", "src\AuctionSearchService.Domain\AuctionSearchService.Domain.csproj", "{116D1490-6126-4DD0-BFB4-FBC9D664CC99}"
EndProject
Project("{FAE04EC0-301F-11D3-BF4B-00C04F79EFBC}") = "AuctionSearchService.Infrastructure", "src\AuctionSearchService.Infrastructure\AuctionSearchService.Infrastructure.csproj", "{3B27DE7E-43A9-4DC3-857C-7A868DC1187F}"
EndProject
Project("{FAE04EC0-301F-11D3-BF4B-00C04F79EFBC}") = "AuctionSearchService.Tests", "src\AuctionSearchService.Tests\AuctionSearchService.Tests.csproj", "{6B563707-4E6B-4F05-A4C6-863B825F5EAE}"
EndProject
Global
	GlobalSection(SolutionConfigurationPlatforms) = preSolution
		Debug|Any CPU = Debug|Any CPU
		Release|Any CPU = Release|Any CPU
	EndGlobalSection
	GlobalSection(SolutionProperties) = preSolution
		HideSolutionNode = FALSE
	EndGlobalSection
	GlobalSection(ProjectConfigurationPlatforms) = postSolution
		{23B3363A-3BA7-44CC-BEB0-900861E216DE}.Debug|Any CPU.ActiveCfg = Debug|Any CPU
		{23B3363A-3BA7-44CC-BEB0-900861E216DE}.Debug|Any CPU.Build.0 = Debug|Any CPU
		{23B3363A-3BA7-44CC-BEB0-900861E216DE}.Release|Any CPU.ActiveCfg = Release|Any CPU
		{23B3363A-3BA7-44CC-BEB0-900861E216DE}.Release|Any CPU.Build.0 = Release|Any CPU
		{F3173DDD-93B9-4FE4-BB95-1109F31EAFB0}.Debug|Any CPU.ActiveCfg = Debug|Any CPU
		{F3173DDD-93B9-4FE4-BB95-1109F31EAFB0}.Debug|Any CPU.Build.0 = Debug|Any CPU
		{F3173DDD-93B9-4FE4-BB95-1109F31EAFB0}.Release|Any CPU.ActiveCfg = Release|Any CPU
		{F3173DDD-93B9-4FE4-BB95-1109F31EAFB0}.Release|Any CPU.Build.0 = Release|Any CPU
		{78E07714-3058-40D1-9B8F-95CC69054D9F}.Debug|Any CPU.ActiveCfg = Debug|Any CPU
		{78E07714-3058-40D1-9B8F-95CC69054D9F}.Debug|Any CPU.Build.0 = Debug|Any CPU
		{78E07714-3058-40D1-9B8F-95CC69054D9F}.Release|Any CPU.ActiveCfg = Release|Any CPU
		{78E07714-3058-40D1-9B8F-95CC69054D9F}.Release|Any CPU.Build.0 = Release|Any CPU
		{116D1490-6126-4DD0-BFB4-FBC9D664CC99}.Debug|Any CPU.ActiveCfg = Debug|Any CPU
		{116D1490-6126-4DD0-BFB4-FBC9D664CC99}.Debug|Any CPU.Build.0 = Debug|Any CPU
		{116D1490-6126-4DD0-BFB4-FBC9D664CC99}.Release|Any CPU.ActiveCfg = Release|Any CPU
		{116D1490-6126-4DD0-BFB4-FBC9D664CC99}.Release|Any CPU.Build.0 = Release|Any CPU
		{3B27DE7E-43A9-4DC3-857C-7A868DC1187F}.Debug|Any CPU.ActiveCfg = Debug|Any CPU
		{3B27DE7E-43A9-4DC3-857C-7A868DC1187F}.Debug|Any CPU.Build.0 = Debug|Any CPU
		{3B27DE7E-43A9-4DC3-857C-7A868DC1187F}.Release|Any CPU.ActiveCfg = Release|Any CPU
		{3B27DE7E-43A9-4DC3-857C-7A868DC1187F}.Release|Any CPU.Build.0 = Release|Any CPU
		{6B563707-4E6B-4F05-A4C6-863B825F5EAE}.Debug|Any CPU.ActiveCfg = Debug|Any CPU
		{6B563707-4E6B-4F05-A4C6-863B825F5EAE}.Debug|Any CPU.Build.0 = Debug|Any CPU
		{6B563707-4E6B-4F05-A4C6-863B825F5EAE}.Release|Any CPU.ActiveCfg = Release|Any CPU
		{6B563707-4E6B-4F05-A4C6-863B825F5EAE}.Release|Any CPU.Build.0 = Release|Any CPU
	EndGlobalSection
	GlobalSection(NestedProjects) = preSolution
		{23B3363A-3BA7-44CC-BEB0-900861E216DE} = {30D8ABD1-B174-4E9E-B4BD-86695D2211A0}
		{F3173DDD-93B9-4FE4-BB95-1109F31EAFB0} = {30D8ABD1-B174-4E9E-B4BD-86695D2211A0}
		{78E07714-3058-40D1-9B8F-95CC69054D9F} = {30D8ABD1-B174-4E9E-B4BD-86695D2211A0}
		{116D1490-6126-4DD0-BFB4-FBC9D664CC99} = {30D8ABD1-B174-4E9E-B4BD-86695D2211A0}
		{3B27DE7E-43A9-4DC3-857C-7A868DC1187F} = {30D8ABD1-B174-4E9E-B4BD-86695D2211A0}
		{6B563707-4E6B-4F05-A4C6-863B825F5EAE} = {30D8ABD1-B174-4E9E-B4BD-86695D2211A0}
	EndGlobalSection
EndGlobal
